
Microsoft Visual Studio Solution File, Format Version 12.00
# Visual Studio Version 16
VisualStudioVersion = 16.0.29519.87
MinimumVisualStudioVersion = 10.0.40219.1
Project("{FAE04EC0-301F-11D3-BF4B-00C04F79EFBC}") = "YoShop", "YoShop\YoShop.csproj", "{8E4F767F-38BA-45EA-84AC-F28C60351B29}"
EndProject
Global
	GlobalSection(SolutionConfigurationPlatforms) = preSolution
		Debug|Any CPU = Debug|Any CPU
		Release|Any CPU = Release|Any CPU
	EndGlobalSection
	GlobalSection(ProjectConfigurationPlatforms) = postSolution
		{8E4F767F-38BA-45EA-84AC-F28C60351B29}.Debug|Any CPU.ActiveCfg = Debug|Any CPU
		{8E4F767F-38BA-45EA-84AC-F28C60351B29}.Debug|Any CPU.Build.0 = Debug|Any CPU
		{8E4F767F-38BA-45EA-84AC-F28C60351B29}.Release|Any CPU.ActiveCfg = Release|Any CPU
		{8E4F767F-38BA-45EA-84AC-F28C60351B29}.Release|Any CPU.Build.0 = Release|Any CPU
	EndGlobalSection
	GlobalSection(SolutionProperties) = preSolution
		HideSolutionNode = FALSE
	EndGlobalSection
	GlobalSection(ExtensibilityGlobals) = postSolution
		SolutionGuid = {60FD563C-612A-4BD7-81C6-75BBB623352A}
	EndGlobalSection
EndGlobal
